
Microsoft Visual Studio Solution File, Format Version 12.00
# Visual Studio Version 17
VisualStudioVersion = 17.6.33815.320
MinimumVisualStudioVersion = 10.0.40219.1
Project("{8BC9CEB8-8B4A-11D0-8D11-00A0C91BC942}") = "WaveFunctionCollapse", "WaveFunctionCollapse\WaveFunctionCollapse.vcxproj", "{6AD16382-09C5-4BDB-98AA-C07DE23ACA87}"
EndProject
Project("{8BC9CEB8-8B4A-11D0-8D11-00A0C91BC942}") = "UnitTests", "UnitTests\UnitTests.vcxproj", "{56E98FA1-8FFC-4B2F-9983-8EA7B75174C4}"
EndProject
Project("{FAE04EC0-301F-11D3-BF4B-00C04F79EFBC}") = "c#Tests", "c#Tests\c#Tests.csproj", "{E587F7C9-E455-4543-A87F-4B27A428DF17}"
EndProject
Global
	GlobalSection(SolutionConfigurationPlatforms) = preSolution
		Debug|Any CPU = Debug|Any CPU
		Debug|x64 = Debug|x64
		Debug|x86 = Debug|x86
		Release|Any CPU = Release|Any CPU
		Release|x64 = Release|x64
		Release|x86 = Release|x86
		ReleaseEXE|Any CPU = ReleaseEXE|Any CPU
		ReleaseEXE|x64 = ReleaseEXE|x64
		ReleaseEXE|x86 = ReleaseEXE|x86
	EndGlobalSection
	GlobalSection(ProjectConfigurationPlatforms) = postSolution
		{6AD16382-09C5-4BDB-98AA-C07DE23ACA87}.Debug|Any CPU.ActiveCfg = Debug|x64
		{6AD16382-09C5-4BDB-98AA-C07DE23ACA87}.Debug|Any CPU.Build.0 = Debug|x64
		{6AD16382-09C5-4BDB-98AA-C07DE23ACA87}.Debug|x64.ActiveCfg = Debug|x64
		{6AD16382-09C5-4BDB-98AA-C07DE23ACA87}.Debug|x64.Build.0 = Debug|x64
		{6AD16382-09C5-4BDB-98AA-C07DE23ACA87}.Debug|x86.ActiveCfg = Debug|Win32
		{6AD16382-09C5-4BDB-98AA-C07DE23ACA87}.Debug|x86.Build.0 = Debug|Win32
		{6AD16382-09C5-4BDB-98AA-C07DE23ACA87}.Release|Any CPU.ActiveCfg = Release|x64
		{6AD16382-09C5-4BDB-98AA-C07DE23ACA87}.Release|Any CPU.Build.0 = Release|x64
		{6AD16382-09C5-4BDB-98AA-C07DE23ACA87}.Release|x64.ActiveCfg = Release|x64
		{6AD16382-09C5-4BDB-98AA-C07DE23ACA87}.Release|x64.Build.0 = Release|x64
		{6AD16382-09C5-4BDB-98AA-C07DE23ACA87}.Release|x86.ActiveCfg = Release|Win32
		{6AD16382-09C5-4BDB-98AA-C07DE23ACA87}.Release|x86.Build.0 = Release|Win32
		{6AD16382-09C5-4BDB-98AA-C07DE23ACA87}.ReleaseEXE|Any CPU.ActiveCfg = ReleaseEXE|x64
		{6AD16382-09C5-4BDB-98AA-C07DE23ACA87}.ReleaseEXE|Any CPU.Build.0 = ReleaseEXE|x64
		{6AD16382-09C5-4BDB-98AA-C07DE23ACA87}.ReleaseEXE|x64.ActiveCfg = ReleaseEXE|x64
		{6AD16382-09C5-4BDB-98AA-C07DE23ACA87}.ReleaseEXE|x64.Build.0 = ReleaseEXE|x64
		{6AD16382-09C5-4BDB-98AA-C07DE23ACA87}.ReleaseEXE|x86.ActiveCfg = ReleaseEXE|x64
		{6AD16382-09C5-4BDB-98AA-C07DE23ACA87}.ReleaseEXE|x86.Build.0 = ReleaseEXE|x64
		{56E98FA1-8FFC-4B2F-9983-8EA7B75174C4}.Debug|Any CPU.ActiveCfg = Debug|x64
		{56E98FA1-8FFC-4B2F-9983-8EA7B75174C4}.Debug|Any CPU.Build.0 = Debug|x64
		{56E98FA1-8FFC-4B2F-9983-8EA7B75174C4}.Debug|x64.ActiveCfg = Debug|x64
		{56E98FA1-8FFC-4B2F-9983-8EA7B75174C4}.Debug|x64.Build.0 = Debug|x64
		{56E98FA1-8FFC-4B2F-9983-8EA7B75174C4}.Debug|x86.ActiveCfg = Debug|Win32
		{56E98FA1-8FFC-4B2F-9983-8EA7B75174C4}.Debug|x86.Build.0 = Debug|Win32
		{56E98FA1-8FFC-4B2F-9983-8EA7B75174C4}.Release|Any CPU.ActiveCfg = Release|x64
		{56E98FA1-8FFC-4B2F-9983-8EA7B75174C4}.Release|Any CPU.Build.0 = Release|x64
		{56E98FA1-8FFC-4B2F-9983-8EA7B75174C4}.Release|x64.ActiveCfg = Release|x64
		{56E98FA1-8FFC-4B2F-9983-8EA7B75174C4}.Release|x64.Build.0 = Release|x64
		{56E98FA1-8FFC-4B2F-9983-8EA7B75174C4}.Release|x86.ActiveCfg = Release|Win32
		{56E98FA1-8FFC-4B2F-9983-8EA7B75174C4}.Release|x86.Build.0 = Release|Win32
		{56E98FA1-8FFC-4B2F-9983-8EA7B75174C4}.ReleaseEXE|Any CPU.ActiveCfg = Release|x64
		{56E98FA1-8FFC-4B2F-9983-8EA7B75174C4}.ReleaseEXE|Any CPU.Build.0 = Release|x64
		{56E98FA1-8FFC-4B2F-9983-8EA7B75174C4}.ReleaseEXE|x64.ActiveCfg = Release|x64
		{56E98FA1-8FFC-4B2F-9983-8EA7B75174C4}.ReleaseEXE|x64.Build.0 = Release|x64
		{56E98FA1-8FFC-4B2F-9983-8EA7B75174C4}.ReleaseEXE|x86.ActiveCfg = Release|Win32
		{56E98FA1-8FFC-4B2F-9983-8EA7B75174C4}.ReleaseEXE|x86.Build.0 = Release|Win32
		{E587F7C9-E455-4543-A87F-4B27A428DF17}.Debug|Any CPU.ActiveCfg = Debug|Any CPU
		{E587F7C9-E455-4543-A87F-4B27A428DF17}.Debug|Any CPU.Build.0 = Debug|Any CPU
		{E587F7C9-E455-4543-A87F-4B27A428DF17}.Debug|x64.ActiveCfg = Debug|Any CPU
		{E587F7C9-E455-4543-A87F-4B27A428DF17}.Debug|x64.Build.0 = Debug|Any CPU
		{E587F7C9-E455-4543-A87F-4B27A428DF17}.Debug|x86.ActiveCfg = Debug|Any CPU
		{E587F7C9-E455-4543-A87F-4B27A428DF17}.Debug|x86.Build.0 = Debug|Any CPU
		{E587F7C9-E455-4543-A87F-4B27A428DF17}.Release|Any CPU.ActiveCfg = Release|Any CPU
		{E587F7C9-E455-4543-A87F-4B27A428DF17}.Release|Any CPU.Build.0 = Release|Any CPU
		{E587F7C9-E455-4543-A87F-4B27A428DF17}.Release|x64.ActiveCfg = Release|Any CPU
		{E587F7C9-E455-4543-A87F-4B27A428DF17}.Release|x64.Build.0 = Release|Any CPU
		{E587F7C9-E455-4543-A87F-4B27A428DF17}.Release|x86.ActiveCfg = Release|Any CPU
		{E587F7C9-E455-4543-A87F-4B27A428DF17}.Release|x86.Build.0 = Release|Any CPU
		{E587F7C9-E455-4543-A87F-4B27A428DF17}.ReleaseEXE|Any CPU.ActiveCfg = Release|Any CPU
		{E587F7C9-E455-4543-A87F-4B27A428DF17}.ReleaseEXE|Any CPU.Build.0 = Release|Any CPU
		{E587F7C9-E455-4543-A87F-4B27A428DF17}.ReleaseEXE|x64.ActiveCfg = Release|Any CPU
		{E587F7C9-E455-4543-A87F-4B27A428DF17}.ReleaseEXE|x64.Build.0 = Release|Any CPU
		{E587F7C9-E455-4543-A87F-4B27A428DF17}.ReleaseEXE|x86.ActiveCfg = Release|Any CPU
		{E587F7C9-E455-4543-A87F-4B27A428DF17}.ReleaseEXE|x86.Build.0 = Release|Any CPU
	EndGlobalSection
	GlobalSection(SolutionProperties) = preSolution
		HideSolutionNode = FALSE
	EndGlobalSection
	GlobalSection(ExtensibilityGlobals) = postSolution
		SolutionGuid = {7537850C-1269-4B68-9D01-BF62C1DCB25D}
	EndGlobalSection
EndGlobal
